
Microsoft Visual Studio Solution File, Format Version 12.00
# Visual Studio Version 17
VisualStudioVersion = 17.11.35327.3
MinimumVisualStudioVersion = 10.0.40219.1
Project("{FAE04EC0-301F-11D3-BF4B-00C04F79EFBC}") = "Listagem", "Listagem\Listagem.csproj", "{ACA674EC-9A9D-4589-A47C-5F80DD6EB73F}"
EndProject
Global
	GlobalSection(SolutionConfigurationPlatforms) = preSolution
		Debug|Any CPU = Debug|Any CPU
		Release|Any CPU = Release|Any CPU
	EndGlobalSection
	GlobalSection(ProjectConfigurationPlatforms) = postSolution
		{ACA674EC-9A9D-4589-A47C-5F80DD6EB73F}.Debug|Any CPU.ActiveCfg = Debug|Any CPU
		{ACA674EC-9A9D-4589-A47C-5F80DD6EB73F}.Debug|Any CPU.Build.0 = Debug|Any CPU
		{ACA674EC-9A9D-4589-A47C-5F80DD6EB73F}.Release|Any CPU.ActiveCfg = Release|Any CPU
		{ACA674EC-9A9D-4589-A47C-5F80DD6EB73F}.Release|Any CPU.Build.0 = Release|Any CPU
	EndGlobalSection
	GlobalSection(SolutionProperties) = preSolution
		HideSolutionNode = FALSE
	EndGlobalSection
	GlobalSection(ExtensibilityGlobals) = postSolution
		SolutionGuid = {A14149DF-47E0-4197-A6CF-F0DF559E00A3}
	EndGlobalSection
EndGlobal
